
Microsoft Visual Studio Solution File, Format Version 12.00
# Visual Studio 15
VisualStudioVersion = 15.0.27004.2002
MinimumVisualStudioVersion = 10.0.40219.1
Project("{FAE04EC0-301F-11D3-BF4B-00C04F79EFBC}") = "Zongsoft.Externals.WeChat", "Zongsoft.Externals.WeChat.csproj", "{30F82689-1A59-4407-A6E8-C4EBDEC8B68F}"
EndProject
Global
	GlobalSection(SolutionConfigurationPlatforms) = preSolution
		Debug|Any CPU = Debug|Any CPU
		Release|Any CPU = Release|Any CPU
	EndGlobalSection
	GlobalSection(ProjectConfigurationPlatforms) = postSolution
		{30F82689-1A59-4407-A6E8-C4EBDEC8B68F}.Debug|Any CPU.ActiveCfg = Debug|Any CPU
		{30F82689-1A59-4407-A6E8-C4EBDEC8B68F}.Debug|Any CPU.Build.0 = Debug|Any CPU
		{30F82689-1A59-4407-A6E8-C4EBDEC8B68F}.Release|Any CPU.ActiveCfg = Release|Any CPU
		{30F82689-1A59-4407-A6E8-C4EBDEC8B68F}.Release|Any CPU.Build.0 = Release|Any CPU
	EndGlobalSection
	GlobalSection(SolutionProperties) = preSolution
		HideSolutionNode = FALSE
	EndGlobalSection
	GlobalSection(ExtensibilityGlobals) = postSolution
		SolutionGuid = {F63426A5-E034-4857-A0AE-1A26E2C43FD1}
	EndGlobalSection
EndGlobal
